{
  "name": "bridge-plugin-state",
  "version": "1.0.0",
  "lockfileVersion": 3,
  "requires": true,
  "packages": {
    "": {
      "name": "bridge-plugin-state",
      "version": "1.0.0",
      "license": "UNLICENSED",
      "devDependencies": {
        "@pgrabovets/json-view": "^2.7.6"
      },
      "engines": {
        "bridge": "^0.0.1"
      }
    },
    "node_modules/@pgrabovets/json-view": {
      "version": "2.7.6",
      "resolved": "https://registry.npmjs.org/@pgrabovets/json-view/-/json-view-2.7.6.tgz",
      "integrity": "sha512-PbIv8TaWoV64iZLvOi7V7RdrJnu7WeUtR+iOXcZrE5SzByhWNCm2u5KOIv/KRTqSJPNkFRMSetKjQfvlHpl4FA==",
      "dev": true,
      "license": "MIT"
    }
  }
}
